
Microsoft Visual Studio Solution File, Format Version 12.00
# Visual Studio Version 17
VisualStudioVersion = 17.13.35931.197 d17.13
MinimumVisualStudioVersion = 10.0.40219.1
Project("{FAE04EC0-301F-11D3-BF4B-00C04F79EFBC}") = "Tp1", "Biblioteca\Tp1.csproj", "{B47D9D01-C691-439D-A1E7-D6CF116329AE}"
EndProject
Global
	GlobalSection(SolutionConfigurationPlatforms) = preSolution
		Debug|Any CPU = Debug|Any CPU
		Release|Any CPU = Release|Any CPU
	EndGlobalSection
	GlobalSection(ProjectConfigurationPlatforms) = postSolution
		{B47D9D01-C691-439D-A1E7-D6CF116329AE}.Debug|Any CPU.ActiveCfg = Debug|Any CPU
		{B47D9D01-C691-439D-A1E7-D6CF116329AE}.Debug|Any CPU.Build.0 = Debug|Any CPU
		{B47D9D01-C691-439D-A1E7-D6CF116329AE}.Release|Any CPU.ActiveCfg = Release|Any CPU
		{B47D9D01-C691-439D-A1E7-D6CF116329AE}.Release|Any CPU.Build.0 = Release|Any CPU
	EndGlobalSection
	GlobalSection(SolutionProperties) = preSolution
		HideSolutionNode = FALSE
	EndGlobalSection
	GlobalSection(ExtensibilityGlobals) = postSolution
		SolutionGuid = {26146F46-C837-4327-B5F8-A36022520166}
	EndGlobalSection
EndGlobal
